// !$*UTF8*$!
{
	archiveVersion = 1;
	classes = {
	};
	objectVersion = 48;
	objects = {

/* Begin PBXAggregateTarget section */
		E1EB6E972029CBB300DF2599 /* SwiftyLayouts-Universal */ = {
			isa = PBXAggregateTarget;
			buildConfigurationList = E1EB6E9A2029CBB300DF2599 /* Build configuration list for PBXAggregateTarget "SwiftyLayouts-Universal" */;
			buildPhases = (
				E1EB6E9B2029CBBB00DF2599 /* Run Script */,
			);
			dependencies = (
			);
			name = "SwiftyLayouts-Universal";
			productName = "SwiftyLayouts-Universal";
		};
/* End PBXAggregateTarget section */

/* Begin PBXBuildFile section */
		E119D33D2033149100A095BD /* swiftyLayouts_universal_fat.sh in Resources */ = {isa = PBXBuildFile; fileRef = E119D33C2033149100A095BD /* swiftyLayouts_universal_fat.sh */; };
		E1415CE5200F617100651407 /* SwiftyLayouts.framework in Frameworks */ = {isa = PBXBuildFile; fileRef = E1415CDB200F617100651407 /* SwiftyLayouts.framework */; };
		E1415CEA200F617100651407 /* SwiftyLayoutsTests.swift in Sources */ = {isa = PBXBuildFile; fileRef = E1415CE9200F617100651407 /* SwiftyLayoutsTests.swift */; };
		E1415CEC200F617100651407 /* SwiftyLayouts.h in Headers */ = {isa = PBXBuildFile; fileRef = E1415CDE200F617100651407 /* SwiftyLayouts.h */; settings = {ATTRIBUTES = (Public, ); }; };
		E16F1E122011D27B004ABEFE /* WeeklyViewLayout.swift in Sources */ = {isa = PBXBuildFile; fileRef = E16F1E112011D27B004ABEFE /* WeeklyViewLayout.swift */; };
		E16F1E1420120782004ABEFE /* CardViewLayout.swift in Sources */ = {isa = PBXBuildFile; fileRef = E16F1E1320120782004ABEFE /* CardViewLayout.swift */; };
		E16F1E1620120D30004ABEFE /* LayoutSetting.swift in Sources */ = {isa = PBXBuildFile; fileRef = E16F1E1520120D30004ABEFE /* LayoutSetting.swift */; };
/* End PBXBuildFile section */

/* Begin PBXContainerItemProxy section */
		E1415CE6200F617100651407 /* PBXContainerItemProxy */ = {
			isa = PBXContainerItemProxy;
			containerPortal = E1415CD2200F617100651407 /* Project object */;
			proxyType = 1;
			remoteGlobalIDString = E1415CDA200F617100651407;
			remoteInfo = SwiftyLayouts;
		};
/* End PBXContainerItemProxy section */

/* Begin PBXFileReference section */
		E119D33C2033149100A095BD /* swiftyLayouts_universal_fat.sh */ = {isa = PBXFileReference; fileEncoding = 4; lastKnownFileType = text.script.sh; name = swiftyLayouts_universal_fat.sh; path = "Build-Phases/swiftyLayouts_universal_fat.sh"; sourceTree = "<group>"; };
		E1415CDB200F617100651407 /* SwiftyLayouts.framework */ = {isa = PBXFileReference; explicitFileType = wrapper.framework; includeInIndex = 0; path = SwiftyLayouts.framework; sourceTree = BUILT_PRODUCTS_DIR; };
		E1415CDE200F617100651407 /* SwiftyLayouts.h */ = {isa = PBXFileReference; lastKnownFileType = sourcecode.c.h; path = SwiftyLayouts.h; sourceTree = "<group>"; };
		E1415CDF200F617100651407 /* Info.plist */ = {isa = PBXFileReference; lastKnownFileType = text.plist.xml; path = Info.plist; sourceTree = "<group>"; };
		E1415CE4200F617100651407 /* SwiftyLayoutsTests.xctest */ = {isa = PBXFileReference; explicitFileType = wrapper.cfbundle; includeInIndex = 0; path = SwiftyLayoutsTests.xctest; sourceTree = BUILT_PRODUCTS_DIR; };
		E1415CE9200F617100651407 /* SwiftyLayoutsTests.swift */ = {isa = PBXFileReference; lastKnownFileType = sourcecode.swift; path = SwiftyLayoutsTests.swift; sourceTree = "<group>"; };
		E1415CEB200F617100651407 /* Info.plist */ = {isa = PBXFileReference; lastKnownFileType = text.plist.xml; path = Info.plist; sourceTree = "<group>"; };
		E16F1E0D2011C1E8004ABEFE /* UIKit.framework */ = {isa = PBXFileReference; lastKnownFileType = wrapper.framework; name = UIKit.framework; path = System/Library/Frameworks/UIKit.framework; sourceTree = SDKROOT; };
		E16F1E0F2011C1F0004ABEFE /* Foundation.framework */ = {isa = PBXFileReference; lastKnownFileType = wrapper.framework; name = Foundation.framework; path = System/Library/Frameworks/Foundation.framework; sourceTree = SDKROOT; };
		E16F1E112011D27B004ABEFE /* WeeklyViewLayout.swift */ = {isa = PBXFileReference; fileEncoding = 4; lastKnownFileType = sourcecode.swift; path = WeeklyViewLayout.swift; sourceTree = "<group>"; };
		E16F1E1320120782004ABEFE /* CardViewLayout.swift */ = {isa = PBXFileReference; lastKnownFileType = sourcecode.swift; path = CardViewLayout.swift; sourceTree = "<group>"; };
		E16F1E1520120D30004ABEFE /* LayoutSetting.swift */ = {isa = PBXFileReference; lastKnownFileType = sourcecode.swift; path = LayoutSetting.swift; sourceTree = "<group>"; };
/* End PBXFileReference section */

/* Begin PBXFrameworksBuildPhase section */
		E1415CD7200F617100651407 /* Frameworks */ = {
			isa = PBXFrameworksBuildPhase;
			buildActionMask = 2147483647;
			files = (
			);
			runOnlyForDeploymentPostprocessing = 0;
		};
		E1415CE1200F617100651407 /* Frameworks */ = {
			isa = PBXFrameworksBuildPhase;
			buildActionMask = 2147483647;
			files = (
				E1415CE5200F617100651407 /* SwiftyLayouts.framework in Frameworks */,
			);
			runOnlyForDeploymentPostprocessing = 0;
		};
/* End PBXFrameworksBuildPhase section */

/* Begin PBXGroup section */
		E1415CD1200F617100651407 = {
			isa = PBXGroup;
			children = (
				E119D33C2033149100A095BD /* swiftyLayouts_universal_fat.sh */,
				E1415CDD200F617100651407 /* SwiftyLayouts */,
				E1415CE8200F617100651407 /* SwiftyLayoutsTests */,
				E1415CDC200F617100651407 /* Products */,
				E16F1E0C2011C1E8004ABEFE /* Frameworks */,
			);
			sourceTree = "<group>";
		};
		E1415CDC200F617100651407 /* Products */ = {
			isa = PBXGroup;
			children = (
				E1415CDB200F617100651407 /* SwiftyLayouts.framework */,
				E1415CE4200F617100651407 /* SwiftyLayoutsTests.xctest */,
			);
			name = Products;
			sourceTree = "<group>";
		};
		E1415CDD200F617100651407 /* SwiftyLayouts */ = {
			isa = PBXGroup;
			children = (
				E1415CDE200F617100651407 /* SwiftyLayouts.h */,
				E16F1E112011D27B004ABEFE /* WeeklyViewLayout.swift */,
				E1415CDF200F617100651407 /* Info.plist */,
				E16F1E1320120782004ABEFE /* CardViewLayout.swift */,
				E16F1E1520120D30004ABEFE /* LayoutSetting.swift */,
			);
			path = SwiftyLayouts;
			sourceTree = "<group>";
		};
		E1415CE8200F617100651407 /* SwiftyLayoutsTests */ = {
			isa = PBXGroup;
			children = (
				E1415CE9200F617100651407 /* SwiftyLayoutsTests.swift */,
				E1415CEB200F617100651407 /* Info.plist */,
			);
			path = SwiftyLayoutsTests;
			sourceTree = "<group>";
		};
		E16F1E0C2011C1E8004ABEFE /* Frameworks */ = {
			isa = PBXGroup;
			children = (
				E16F1E0F2011C1F0004ABEFE /* Foundation.framework */,
				E16F1E0D2011C1E8004ABEFE /* UIKit.framework */,
			);
			name = Frameworks;
			sourceTree = "<group>";
		};
/* End PBXGroup section */

/* Begin PBXHeadersBuildPhase section */
		E1415CD8200F617100651407 /* Headers */ = {
			isa = PBXHeadersBuildPhase;
			buildActionMask = 2147483647;
			files = (
				E1415CEC200F617100651407 /* SwiftyLayouts.h in Headers */,
			);
			runOnlyForDeploymentPostprocessing = 0;
		};
/* End PBXHeadersBuildPhase section */

/* Begin PBXNativeTarget section */
		E1415CDA200F617100651407 /* SwiftyLayouts */ = {
			isa = PBXNativeTarget;
			buildConfigurationList = E1415CEF200F617100651407 /* Build configuration list for PBXNativeTarget "SwiftyLayouts" */;
			buildPhases = (
				E1415CD6200F617100651407 /* Sources */,
				E1415CD7200F617100651407 /* Frameworks */,
				E1415CD8200F617100651407 /* Headers */,
				E1415CD9200F617100651407 /* Resources */,
			);
			buildRules = (
			);
			dependencies = (
			);
			name = SwiftyLayouts;
			productName = SwiftyLayouts;
			productReference = E1415CDB200F617100651407 /* SwiftyLayouts.framework */;
			productType = "com.apple.product-type.framework";
		};
		E1415CE3200F617100651407 /* SwiftyLayoutsTests */ = {
			isa = PBXNativeTarget;
			buildConfigurationList = E1415CF2200F617100651407 /* Build configuration list for PBXNativeTarget "SwiftyLayoutsTests" */;
			buildPhases = (
				E1415CE0200F617100651407 /* Sources */,
				E1415CE1200F617100651407 /* Frameworks */,
				E1415CE2200F617100651407 /* Resources */,
			);
			buildRules = (
			);
			dependencies = (
				E1415CE7200F617100651407 /* PBXTargetDependency */,
			);
			name = SwiftyLayoutsTests;
			productName = SwiftyLayoutsTests;
			productReference = E1415CE4200F617100651407 /* SwiftyLayoutsTests.xctest */;
			productType = "com.apple.product-type.bundle.unit-test";
		};
/* End PBXNativeTarget section */

/* Begin PBXProject section */
		E1415CD2200F617100651407 /* Project object */ = {
			isa = PBXProject;
			attributes = {
				LastSwiftUpdateCheck = 0920;
				LastUpgradeCheck = 0920;
				ORGANIZATIONNAME = kaushal;
				TargetAttributes = {
					E1415CDA200F617100651407 = {
						CreatedOnToolsVersion = 9.2;
						LastSwiftMigration = 0920;
						ProvisioningStyle = Manual;
					};
					E1415CE3200F617100651407 = {
						CreatedOnToolsVersion = 9.2;
						ProvisioningStyle = Automatic;
					};
					E1EB6E972029CBB300DF2599 = {
						CreatedOnToolsVersion = 9.2;
						ProvisioningStyle = Automatic;
					};
				};
			};
			buildConfigurationList = E1415CD5200F617100651407 /* Build configuration list for PBXProject "SwiftyLayouts" */;
			compatibilityVersion = "Xcode 8.0";
			developmentRegion = en;
			hasScannedForEncodings = 0;
			knownRegions = (
				en,
			);
			mainGroup = E1415CD1200F617100651407;
			productRefGroup = E1415CDC200F617100651407 /* Products */;
			projectDirPath = "";
			projectRoot = "";
			targets = (
				E1415CDA200F617100651407 /* SwiftyLayouts */,
				E1415CE3200F617100651407 /* SwiftyLayoutsTests */,
				E1EB6E972029CBB300DF2599 /* SwiftyLayouts-Universal */,
			);
		};
/* End PBXProject section */

/* Begin PBXResourcesBuildPhase section */
		E1415CD9200F617100651407 /* Resources */ = {
			isa = PBXResourcesBuildPhase;
			buildActionMask = 2147483647;
			files = (
				E119D33D2033149100A095BD /* swiftyLayouts_universal_fat.sh in Resources */,
			);
			runOnlyForDeploymentPostprocessing = 0;
		};
		E1415CE2200F617100651407 /* Resources */ = {
			isa = PBXResourcesBuildPhase;
			buildActionMask = 2147483647;
			files = (
			);
			runOnlyForDeploymentPostprocessing = 0;
		};
/* End PBXResourcesBuildPhase section */

/* Begin PBXShellScriptBuildPhase section */
		E1EB6E9B2029CBBB00DF2599 /* Run Script */ = {
			isa = PBXShellScriptBuildPhase;
			buildActionMask = 2147483647;
			files = (
			);
			inputPaths = (
			);
			name = "Run Script";
			outputPaths = (
			);
			runOnlyForDeploymentPostprocessing = 0;
			shellPath = /bin/sh;
			shellScript = "$SRCROOT/Build-Phases/swiftyLayouts_universal_fat.sh\n\n";
		};
/* End PBXShellScriptBuildPhase section */

/* Begin PBXSourcesBuildPhase section */
		E1415CD6200F617100651407 /* Sources */ = {
			isa = PBXSourcesBuildPhase;
			buildActionMask = 2147483647;
			files = (
				E16F1E1420120782004ABEFE /* CardViewLayout.swift in Sources */,
				E16F1E1620120D30004ABEFE /* LayoutSetting.swift in Sources */,
				E16F1E122011D27B004ABEFE /* WeeklyViewLayout.swift in Sources */,
			);
			runOnlyForDeploymentPostprocessing = 0;
		};
		E1415CE0200F617100651407 /* Sources */ = {
			isa = PBXSourcesBuildPhase;
			buildActionMask = 2147483647;
			files = (
				E1415CEA200F617100651407 /* SwiftyLayoutsTests.swift in Sources */,
			);
			runOnlyForDeploymentPostprocessing = 0;
		};
/* End PBXSourcesBuildPhase section */

/* Begin PBXTargetDependency section */
		E1415CE7200F617100651407 /* PBXTargetDependency */ = {
			isa = PBXTargetDependency;
			target = E1415CDA200F617100651407 /* SwiftyLayouts */;
			targetProxy = E1415CE6200F617100651407 /* PBXContainerItemProxy */;
		};
/* End PBXTargetDependency section */

/* Begin XCBuildConfiguration section */
		E1415CED200F617100651407 /* Debug */ = {
			isa = XCBuildConfiguration;
			buildSettings = {
				ALWAYS_SEARCH_USER_PATHS = NO;
				CLANG_ANALYZER_NONNULL = YES;
				CLANG_ANALYZER_NUMBER_OBJECT_CONVERSION = YES_AGGRESSIVE;
				CLANG_CXX_LANGUAGE_STANDARD = "gnu++14";
				CLANG_CXX_LIBRARY = "libc++";
				CLANG_ENABLE_MODULES = YES;
				CLANG_ENABLE_OBJC_ARC = YES;
				CLANG_WARN_BLOCK_CAPTURE_AUTORELEASING = YES;
				CLANG_WARN_BOOL_CONVERSION = YES;
				CLANG_WARN_COMMA = YES;
				CLANG_WARN_CONSTANT_CONVERSION = YES;
				CLANG_WARN_DIRECT_OBJC_ISA_USAGE = YES_ERROR;
				CLANG_WARN_DOCUMENTATION_COMMENTS = YES;
				CLANG_WARN_EMPTY_BODY = YES;
				CLANG_WARN_ENUM_CONVERSION = YES;
				CLANG_WARN_INFINITE_RECURSION = YES;
				CLANG_WARN_INT_CONVERSION = YES;
				CLANG_WARN_NON_LITERAL_NULL_CONVERSION = YES;
				CLANG_WARN_OBJC_LITERAL_CONVERSION = YES;
				CLANG_WARN_OBJC_ROOT_CLASS = YES_ERROR;
				CLANG_WARN_RANGE_LOOP_ANALYSIS = YES;
				CLANG_WARN_STRICT_PROTOTYPES = YES;
				CLANG_WARN_SUSPICIOUS_MOVE = YES;
				CLANG_WARN_UNGUARDED_AVAILABILITY = YES_AGGRESSIVE;
				CLANG_WARN_UNREACHABLE_CODE = YES;
				CLANG_WARN__DUPLICATE_METHOD_MATCH = YES;
				CODE_SIGN_IDENTITY = "iPhone Developer";
				COPY_PHASE_STRIP = NO;
				CURRENT_PROJECT_VERSION = 1;
				DEBUG_INFORMATION_FORMAT = "dwarf-with-dsym";
				ENABLE_STRICT_OBJC_MSGSEND = YES;
				ENABLE_TESTABILITY = YES;
				GCC_C_LANGUAGE_STANDARD = gnu11;
				GCC_DYNAMIC_NO_PIC = NO;
				GCC_NO_COMMON_BLOCKS = YES;
				GCC_OPTIMIZATION_LEVEL = 0;
				GCC_PREPROCESSOR_DEFINITIONS = (
					"DEBUG=1",
					"$(inherited)",
				);
				GCC_WARN_64_TO_32_BIT_CONVERSION = YES;
				GCC_WARN_ABOUT_RETURN_TYPE = YES_ERROR;
				GCC_WARN_UNDECLARED_SELECTOR = YES;
				GCC_WARN_UNINITIALIZED_AUTOS = YES_AGGRESSIVE;
				GCC_WARN_UNUSED_FUNCTION = YES;
				GCC_WARN_UNUSED_VARIABLE = YES;
				IPHONEOS_DEPLOYMENT_TARGET = 11.2;
				MTL_ENABLE_DEBUG_INFO = YES;
				ONLY_ACTIVE_ARCH = YES;
				SDKROOT = iphoneos;
				SWIFT_ACTIVE_COMPILATION_CONDITIONS = DEBUG;
				SWIFT_OPTIMIZATION_LEVEL = "-Onone";
				VERSIONING_SYSTEM = "apple-generic";
				VERSION_INFO_PREFIX = "";
			};
			name = Debug;
		};
		E1415CEE200F617100651407 /* Release */ = {
			isa = XCBuildConfiguration;
			buildSettings = {
				ALWAYS_SEARCH_USER_PATHS = NO;
				CLANG_ANALYZER_NONNULL = YES;
				CLANG_ANALYZER_NUMBER_OBJECT_CONVERSION = YES_AGGRESSIVE;
				CLANG_CXX_LANGUAGE_STANDARD = "gnu++14";
				CLANG_CXX_LIBRARY = "libc++";
				CLANG_ENABLE_MODULES = YES;
				CLANG_ENABLE_OBJC_ARC = YES;
				CLANG_WARN_BLOCK_CAPTURE_AUTORELEASING = YES;
				CLANG_WARN_BOOL_CONVERSION = YES;
				CLANG_WARN_COMMA = YES;
				CLANG_WARN_CONSTANT_CONVERSION = YES;
				CLANG_WARN_DIRECT_OBJC_ISA_USAGE = YES_ERROR;
				CLANG_WARN_DOCUMENTATION_COMMENTS = YES;
				CLANG_WARN_EMPTY_BODY = YES;
				CLANG_WARN_ENUM_CONVERSION = YES;
				CLANG_WARN_INFINITE_RECURSION = YES;
				CLANG_WARN_INT_CONVERSION = YES;
				CLANG_WARN_NON_LITERAL_NULL_CONVERSION = YES;
				CLANG_WARN_OBJC_LITERAL_CONVERSION = YES;
				CLANG_WARN_OBJC_ROOT_CLASS = YES_ERROR;
				CLANG_WARN_RANGE_LOOP_ANALYSIS = YES;
				CLANG_WARN_STRICT_PROTOTYPES = YES;
				CLANG_WARN_SUSPICIOUS_MOVE = YES;
				CLANG_WARN_UNGUARDED_AVAILABILITY = YES_AGGRESSIVE;
				CLANG_WARN_UNREACHABLE_CODE = YES;
				CLANG_WARN__DUPLICATE_METHOD_MATCH = YES;
				CODE_SIGN_IDENTITY = "iPhone Developer";
				COPY_PHASE_STRIP = NO;
				CURRENT_PROJECT_VERSION = 1;
				DEBUG_INFORMATION_FORMAT = "dwarf-with-dsym";
				ENABLE_NS_ASSERTIONS = NO;
				ENABLE_STRICT_OBJC_MSGSEND = YES;
				GCC_C_LANGUAGE_STANDARD = gnu11;
				GCC_NO_COMMON_BLOCKS = YES;
				GCC_WARN_64_TO_32_BIT_CONVERSION = YES;
				GCC_WARN_ABOUT_RETURN_TYPE = YES_ERROR;
				GCC_WARN_UNDECLARED_SELECTOR = YES;
				GCC_WARN_UNINITIALIZED_AUTOS = YES_AGGRESSIVE;
				GCC_WARN_UNUSED_FUNCTION = YES;
				GCC_WARN_UNUSED_VARIABLE = YES;
				IPHONEOS_DEPLOYMENT_TARGET = 11.2;
				MTL_ENABLE_DEBUG_INFO = NO;
				SDKROOT = iphoneos;
				SWIFT_OPTIMIZATION_LEVEL = "-Owholemodule";
				VALIDATE_PRODUCT = YES;
				VERSIONING_SYSTEM = "apple-generic";
				VERSION_INFO_PREFIX = "";
			};
			name = Release;
		};
		E1415CF0200F617100651407 /* Debug */ = {
			isa = XCBuildConfiguration;
			buildSettings = {
				CLANG_ENABLE_MODULES = YES;
				CODE_SIGN_IDENTITY = "";
				CODE_SIGN_STYLE = Manual;
				DEFINES_MODULE = YES;
				DEVELOPMENT_TEAM = "";
				DYLIB_COMPATIBILITY_VERSION = 1;
				DYLIB_CURRENT_VERSION = 1;
				DYLIB_INSTALL_NAME_BASE = "@rpath";
				INFOPLIST_FILE = SwiftyLayouts/Info.plist;
				INSTALL_PATH = "$(LOCAL_LIBRARY_DIR)/Frameworks";
				LD_RUNPATH_SEARCH_PATHS = "$(inherited) @executable_path/Frameworks @loader_path/Frameworks";
				PRODUCT_BUNDLE_IDENTIFIER = com.ideveloperlab.SwiftyLayouts;
				PRODUCT_NAME = "$(TARGET_NAME:c99extidentifier)";
				PROVISIONING_PROFILE_SPECIFIER = "";
				SKIP_INSTALL = NO;
				SWIFT_OPTIMIZATION_LEVEL = "-Onone";
				SWIFT_VERSION = 4.0;
				TARGETED_DEVICE_FAMILY = "1,2";
			};
			name = Debug;
		};
		E1415CF1200F617100651407 /* Release */ = {
			isa = XCBuildConfiguration;
			buildSettings = {
				CLANG_ENABLE_MODULES = YES;
				CODE_SIGN_IDENTITY = "";
				CODE_SIGN_STYLE = Manual;
				DEFINES_MODULE = YES;
				DEVELOPMENT_TEAM = "";
				DYLIB_COMPATIBILITY_VERSION = 1;
				DYLIB_CURRENT_VERSION = 1;
				DYLIB_INSTALL_NAME_BASE = "@rpath";
				INFOPLIST_FILE = SwiftyLayouts/Info.plist;
				INSTALL_PATH = "$(LOCAL_LIBRARY_DIR)/Frameworks";
				LD_RUNPATH_SEARCH_PATHS = "$(inherited) @executable_path/Frameworks @loader_path/Frameworks";
				PRODUCT_BUNDLE_IDENTIFIER = com.ideveloperlab.SwiftyLayouts;
				PRODUCT_NAME = "$(TARGET_NAME:c99extidentifier)";
				PROVISIONING_PROFILE_SPECIFIER = "";
				SKIP_INSTALL = NO;
				SWIFT_VERSION = 4.0;
				TARGETED_DEVICE_FAMILY = "1,2";
			};
			name = Release;
		};
		E1415CF3200F617100651407 /* Debug */ = {
			isa = XCBuildConfiguration;
			buildSettings = {
				ALWAYS_EMBED_SWIFT_STANDARD_LIBRARIES = YES;
				CODE_SIGN_STYLE = Automatic;
				INFOPLIST_FILE = SwiftyLayoutsTests/Info.plist;
				LD_RUNPATH_SEARCH_PATHS = "$(inherited) @executable_path/Frameworks @loader_path/Frameworks";
				PRODUCT_BUNDLE_IDENTIFIER = com.ideveloperlab.SwiftyLayoutsTests;
				PRODUCT_NAME = "$(TARGET_NAME)";
				SWIFT_VERSION = 4.0;
				TARGETED_DEVICE_FAMILY = "1,2";
			};
			name = Debug;
		};
		E1415CF4200F617100651407 /* Release */ = {
			isa = XCBuildConfiguration;
			buildSettings = {
				ALWAYS_EMBED_SWIFT_STANDARD_LIBRARIES = YES;
				CODE_SIGN_STYLE = Automatic;
				INFOPLIST_FILE = SwiftyLayoutsTests/Info.plist;
				LD_RUNPATH_SEARCH_PATHS = "$(inherited) @executable_path/Frameworks @loader_path/Frameworks";
				PRODUCT_BUNDLE_IDENTIFIER = com.ideveloperlab.SwiftyLayoutsTests;
				PRODUCT_NAME = "$(TARGET_NAME)";
				SWIFT_VERSION = 4.0;
				TARGETED_DEVICE_FAMILY = "1,2";
			};
			name = Release;
		};
		E1EB6E982029CBB300DF2599 /* Debug */ = {
			isa = XCBuildConfiguration;
			buildSettings = {
				CODE_SIGN_STYLE = Automatic;
				PRODUCT_NAME = "$(TARGET_NAME)";
				SKIP_INSTALL = NO;
			};
			name = Debug;
		};
		E1EB6E992029CBB300DF2599 /* Release */ = {
			isa = XCBuildConfiguration;
			buildSettings = {
				CODE_SIGN_STYLE = Automatic;
				PRODUCT_NAME = "$(TARGET_NAME)";
				SKIP_INSTALL = NO;
			};
			name = Release;
		};
/* End XCBuildConfiguration section */

/* Begin XCConfigurationList section */
		E1415CD5200F617100651407 /* Build configuration list for PBXProject "SwiftyLayouts" */ = {
			isa = XCConfigurationList;
			buildConfigurations = (
				E1415CED200F617100651407 /* Debug */,
				E1415CEE200F617100651407 /* Release */,
			);
			defaultConfigurationIsVisible = 0;
			defaultConfigurationName = Release;
		};
		E1415CEF200F617100651407 /* Build configuration list for PBXNativeTarget "SwiftyLayouts" */ = {
			isa = XCConfigurationList;
			buildConfigurations = (
				E1415CF0200F617100651407 /* Debug */,
				E1415CF1200F617100651407 /* Release */,
			);
			defaultConfigurationIsVisible = 0;
			defaultConfigurationName = Release;
		};
		E1415CF2200F617100651407 /* Build configuration list for PBXNativeTarget "SwiftyLayoutsTests" */ = {
			isa = XCConfigurationList;
			buildConfigurations = (
				E1415CF3200F617100651407 /* Debug */,
				E1415CF4200F617100651407 /* Release */,
			);
			defaultConfigurationIsVisible = 0;
			defaultConfigurationName = Release;
		};
		E1EB6E9A2029CBB300DF2599 /* Build configuration list for PBXAggregateTarget "SwiftyLayouts-Universal" */ = {
			isa = XCConfigurationList;
			buildConfigurations = (
				E1EB6E982029CBB300DF2599 /* Debug */,
				E1EB6E992029CBB300DF2599 /* Release */,
			);
			defaultConfigurationIsVisible = 0;
			defaultConfigurationName = Release;
		};
/* End XCConfigurationList section */
	};
	rootObject = E1415CD2200F617100651407 /* Project object */;
}
