PODS:
  - SwiftyLayouts (1.0.0)

DEPENDENCIES:
  - SwiftyLayouts (from `../Frameworks/SwiftyLayouts/SwiftyLayouts.podspec`)

EXTERNAL SOURCES:
  SwiftyLayouts:
    :path: ../Frameworks/SwiftyLayouts/SwiftyLayouts.podspec

SPEC CHECKSUMS:
  SwiftyLayouts: 0b7f988ddca13f9138ad8771caf22b668c3a7f2a

PODFILE CHECKSUM: 04b5badca0655d66365804bee0c472219e14f6d3

COCOAPODS: 1.3.1
