PODS:
  - SwiftyLayouts (1.0.0)

DEPENDENCIES:
  - SwiftyLayouts (from `../SwiftyLayouts`)

EXTERNAL SOURCES:
  SwiftyLayouts:
    :path: ../SwiftyLayouts

SPEC CHECKSUMS:
  SwiftyLayouts: 945e0fb09df4421d9c34bb55fbc57a8b8146c048

PODFILE CHECKSUM: dfdb61d4d120f72817f631050c10c97e7f7f16cd

COCOAPODS: 1.4.0
