// !$*UTF8*$!
{
	archiveVersion = 1;
	classes = {
	};
	objectVersion = 48;
	objects = {

/* Begin PBXBuildFile section */
		A600AEF798C2274F4D61D3CD /* Pods_SwiftyLayoutsExampleTests.framework in Frameworks */ = {isa = PBXBuildFile; fileRef = C2FC7DAC767897E0516AF71C /* Pods_SwiftyLayoutsExampleTests.framework */; };
		B98B30274C04E1E6C024D50A /* Pods_SwiftyLayoutsExample.framework in Frameworks */ = {isa = PBXBuildFile; fileRef = 73418EAEC16BD12961483DED /* Pods_SwiftyLayoutsExample.framework */; };
		E128300D2018912B0058329F /* Feature.swift in Sources */ = {isa = PBXBuildFile; fileRef = E128300C2018912B0058329F /* Feature.swift */; };
		E1415D46200F65E800651407 /* AppDelegate.swift in Sources */ = {isa = PBXBuildFile; fileRef = E1415D45200F65E800651407 /* AppDelegate.swift */; };
		E1415D48200F65E800651407 /* ViewController.swift in Sources */ = {isa = PBXBuildFile; fileRef = E1415D47200F65E800651407 /* ViewController.swift */; };
		E1415D4B200F65E800651407 /* Main.storyboard in Resources */ = {isa = PBXBuildFile; fileRef = E1415D49200F65E800651407 /* Main.storyboard */; };
		E1415D4D200F65E800651407 /* Assets.xcassets in Resources */ = {isa = PBXBuildFile; fileRef = E1415D4C200F65E800651407 /* Assets.xcassets */; };
		E1415D50200F65E800651407 /* LaunchScreen.storyboard in Resources */ = {isa = PBXBuildFile; fileRef = E1415D4E200F65E800651407 /* LaunchScreen.storyboard */; };
		E1415D5B200F65E800651407 /* SwiftyLayoutsExampleTests.swift in Sources */ = {isa = PBXBuildFile; fileRef = E1415D5A200F65E800651407 /* SwiftyLayoutsExampleTests.swift */; };
		E157DD282017125C008A7BAD /* LayoutTableViewCell.swift in Sources */ = {isa = PBXBuildFile; fileRef = E157DD272017125C008A7BAD /* LayoutTableViewCell.swift */; };
		E157DD2A201721D8008A7BAD /* CardViewController.swift in Sources */ = {isa = PBXBuildFile; fileRef = E157DD29201721D7008A7BAD /* CardViewController.swift */; };
		E157DD2C20175D32008A7BAD /* LayoutCollectionViewCell.swift in Sources */ = {isa = PBXBuildFile; fileRef = E157DD2B20175D32008A7BAD /* LayoutCollectionViewCell.swift */; };
/* End PBXBuildFile section */

/* Begin PBXContainerItemProxy section */
		E1415D57200F65E800651407 /* PBXContainerItemProxy */ = {
			isa = PBXContainerItemProxy;
			containerPortal = E1415D3A200F65E800651407 /* Project object */;
			proxyType = 1;
			remoteGlobalIDString = E1415D41200F65E800651407;
			remoteInfo = SwiftyLayoutsExample;
		};
/* End PBXContainerItemProxy section */

/* Begin PBXCopyFilesBuildPhase section */
		E1B6538E20205CAE007B742C /* Embed Frameworks */ = {
			isa = PBXCopyFilesBuildPhase;
			buildActionMask = 2147483647;
			dstPath = "";
			dstSubfolderSpec = 10;
			files = (
			);
			name = "Embed Frameworks";
			runOnlyForDeploymentPostprocessing = 0;
		};
/* End PBXCopyFilesBuildPhase section */

/* Begin PBXFileReference section */
		54338C8BD12E862FD1E46012 /* Pods-SwiftyLayoutsExample.debug.xcconfig */ = {isa = PBXFileReference; includeInIndex = 1; lastKnownFileType = text.xcconfig; name = "Pods-SwiftyLayoutsExample.debug.xcconfig"; path = "Pods/Target Support Files/Pods-SwiftyLayoutsExample/Pods-SwiftyLayoutsExample.debug.xcconfig"; sourceTree = "<group>"; };
		73418EAEC16BD12961483DED /* Pods_SwiftyLayoutsExample.framework */ = {isa = PBXFileReference; explicitFileType = wrapper.framework; includeInIndex = 0; path = Pods_SwiftyLayoutsExample.framework; sourceTree = BUILT_PRODUCTS_DIR; };
		A0F16621D95DD2176AA08FA3 /* Pods-SwiftyLayoutsExample.release.xcconfig */ = {isa = PBXFileReference; includeInIndex = 1; lastKnownFileType = text.xcconfig; name = "Pods-SwiftyLayoutsExample.release.xcconfig"; path = "Pods/Target Support Files/Pods-SwiftyLayoutsExample/Pods-SwiftyLayoutsExample.release.xcconfig"; sourceTree = "<group>"; };
		B80FFE806D0D20BB83B71327 /* Pods-SwiftyLayoutsExampleTests.release.xcconfig */ = {isa = PBXFileReference; includeInIndex = 1; lastKnownFileType = text.xcconfig; name = "Pods-SwiftyLayoutsExampleTests.release.xcconfig"; path = "Pods/Target Support Files/Pods-SwiftyLayoutsExampleTests/Pods-SwiftyLayoutsExampleTests.release.xcconfig"; sourceTree = "<group>"; };
		C2FC7DAC767897E0516AF71C /* Pods_SwiftyLayoutsExampleTests.framework */ = {isa = PBXFileReference; explicitFileType = wrapper.framework; includeInIndex = 0; path = Pods_SwiftyLayoutsExampleTests.framework; sourceTree = BUILT_PRODUCTS_DIR; };
		DBC4323113D38CCC380CDCC9 /* Pods-SwiftyLayoutsExampleTests.debug.xcconfig */ = {isa = PBXFileReference; includeInIndex = 1; lastKnownFileType = text.xcconfig; name = "Pods-SwiftyLayoutsExampleTests.debug.xcconfig"; path = "Pods/Target Support Files/Pods-SwiftyLayoutsExampleTests/Pods-SwiftyLayoutsExampleTests.debug.xcconfig"; sourceTree = "<group>"; };
		E128300C2018912B0058329F /* Feature.swift */ = {isa = PBXFileReference; lastKnownFileType = sourcecode.swift; path = Feature.swift; sourceTree = "<group>"; };
		E1415D42200F65E800651407 /* SwiftyLayoutsExample.app */ = {isa = PBXFileReference; explicitFileType = wrapper.application; includeInIndex = 0; path = SwiftyLayoutsExample.app; sourceTree = BUILT_PRODUCTS_DIR; };
		E1415D45200F65E800651407 /* AppDelegate.swift */ = {isa = PBXFileReference; lastKnownFileType = sourcecode.swift; path = AppDelegate.swift; sourceTree = "<group>"; };
		E1415D47200F65E800651407 /* ViewController.swift */ = {isa = PBXFileReference; lastKnownFileType = sourcecode.swift; path = ViewController.swift; sourceTree = "<group>"; };
		E1415D4A200F65E800651407 /* Base */ = {isa = PBXFileReference; lastKnownFileType = file.storyboard; name = Base; path = Base.lproj/Main.storyboard; sourceTree = "<group>"; };
		E1415D4C200F65E800651407 /* Assets.xcassets */ = {isa = PBXFileReference; lastKnownFileType = folder.assetcatalog; path = Assets.xcassets; sourceTree = "<group>"; };
		E1415D4F200F65E800651407 /* Base */ = {isa = PBXFileReference; lastKnownFileType = file.storyboard; name = Base; path = Base.lproj/LaunchScreen.storyboard; sourceTree = "<group>"; };
		E1415D51200F65E800651407 /* Info.plist */ = {isa = PBXFileReference; lastKnownFileType = text.plist.xml; path = Info.plist; sourceTree = "<group>"; };
		E1415D56200F65E800651407 /* SwiftyLayoutsExampleTests.xctest */ = {isa = PBXFileReference; explicitFileType = wrapper.cfbundle; includeInIndex = 0; path = SwiftyLayoutsExampleTests.xctest; sourceTree = BUILT_PRODUCTS_DIR; };
		E1415D5A200F65E800651407 /* SwiftyLayoutsExampleTests.swift */ = {isa = PBXFileReference; lastKnownFileType = sourcecode.swift; path = SwiftyLayoutsExampleTests.swift; sourceTree = "<group>"; };
		E1415D5C200F65E800651407 /* Info.plist */ = {isa = PBXFileReference; lastKnownFileType = text.plist.xml; path = Info.plist; sourceTree = "<group>"; };
		E157DD272017125C008A7BAD /* LayoutTableViewCell.swift */ = {isa = PBXFileReference; lastKnownFileType = sourcecode.swift; path = LayoutTableViewCell.swift; sourceTree = "<group>"; };
		E157DD29201721D7008A7BAD /* CardViewController.swift */ = {isa = PBXFileReference; lastKnownFileType = sourcecode.swift; path = CardViewController.swift; sourceTree = "<group>"; };
		E157DD2B20175D32008A7BAD /* LayoutCollectionViewCell.swift */ = {isa = PBXFileReference; lastKnownFileType = sourcecode.swift; path = LayoutCollectionViewCell.swift; sourceTree = "<group>"; };
/* End PBXFileReference section */

/* Begin PBXFrameworksBuildPhase section */
		E1415D3F200F65E800651407 /* Frameworks */ = {
			isa = PBXFrameworksBuildPhase;
			buildActionMask = 2147483647;
			files = (
				B98B30274C04E1E6C024D50A /* Pods_SwiftyLayoutsExample.framework in Frameworks */,
			);
			runOnlyForDeploymentPostprocessing = 0;
		};
		E1415D53200F65E800651407 /* Frameworks */ = {
			isa = PBXFrameworksBuildPhase;
			buildActionMask = 2147483647;
			files = (
				A600AEF798C2274F4D61D3CD /* Pods_SwiftyLayoutsExampleTests.framework in Frameworks */,
			);
			runOnlyForDeploymentPostprocessing = 0;
		};
/* End PBXFrameworksBuildPhase section */

/* Begin PBXGroup section */
		50240DB9F2DAA386AC553F01 /* Frameworks */ = {
			isa = PBXGroup;
			children = (
				73418EAEC16BD12961483DED /* Pods_SwiftyLayoutsExample.framework */,
				C2FC7DAC767897E0516AF71C /* Pods_SwiftyLayoutsExampleTests.framework */,
			);
			name = Frameworks;
			sourceTree = "<group>";
		};
		B69DFB3819C788092EE2B2DF /* Pods */ = {
			isa = PBXGroup;
			children = (
				54338C8BD12E862FD1E46012 /* Pods-SwiftyLayoutsExample.debug.xcconfig */,
				A0F16621D95DD2176AA08FA3 /* Pods-SwiftyLayoutsExample.release.xcconfig */,
				DBC4323113D38CCC380CDCC9 /* Pods-SwiftyLayoutsExampleTests.debug.xcconfig */,
				B80FFE806D0D20BB83B71327 /* Pods-SwiftyLayoutsExampleTests.release.xcconfig */,
			);
			name = Pods;
			sourceTree = "<group>";
		};
		E128300B2018652A0058329F /* MockData */ = {
			isa = PBXGroup;
			children = (
				E128300C2018912B0058329F /* Feature.swift */,
			);
			path = MockData;
			sourceTree = "<group>";
		};
		E1415D39200F65E800651407 = {
			isa = PBXGroup;
			children = (
				E1415D44200F65E800651407 /* SwiftyLayoutsExample */,
				E1415D59200F65E800651407 /* SwiftyLayoutsExampleTests */,
				E1415D43200F65E800651407 /* Products */,
				B69DFB3819C788092EE2B2DF /* Pods */,
				50240DB9F2DAA386AC553F01 /* Frameworks */,
			);
			sourceTree = "<group>";
		};
		E1415D43200F65E800651407 /* Products */ = {
			isa = PBXGroup;
			children = (
				E1415D42200F65E800651407 /* SwiftyLayoutsExample.app */,
				E1415D56200F65E800651407 /* SwiftyLayoutsExampleTests.xctest */,
			);
			name = Products;
			sourceTree = "<group>";
		};
		E1415D44200F65E800651407 /* SwiftyLayoutsExample */ = {
			isa = PBXGroup;
			children = (
				E128300B2018652A0058329F /* MockData */,
				E1415D45200F65E800651407 /* AppDelegate.swift */,
				E1415D47200F65E800651407 /* ViewController.swift */,
				E1415D49200F65E800651407 /* Main.storyboard */,
				E1415D4C200F65E800651407 /* Assets.xcassets */,
				E1415D4E200F65E800651407 /* LaunchScreen.storyboard */,
				E1415D51200F65E800651407 /* Info.plist */,
				E157DD272017125C008A7BAD /* LayoutTableViewCell.swift */,
				E157DD29201721D7008A7BAD /* CardViewController.swift */,
				E157DD2B20175D32008A7BAD /* LayoutCollectionViewCell.swift */,
			);
			path = SwiftyLayoutsExample;
			sourceTree = "<group>";
		};
		E1415D59200F65E800651407 /* SwiftyLayoutsExampleTests */ = {
			isa = PBXGroup;
			children = (
				E1415D5A200F65E800651407 /* SwiftyLayoutsExampleTests.swift */,
				E1415D5C200F65E800651407 /* Info.plist */,
			);
			path = SwiftyLayoutsExampleTests;
			sourceTree = "<group>";
		};
/* End PBXGroup section */

/* Begin PBXNativeTarget section */
		E1415D41200F65E800651407 /* SwiftyLayoutsExample */ = {
			isa = PBXNativeTarget;
			buildConfigurationList = E1415D5F200F65E800651407 /* Build configuration list for PBXNativeTarget "SwiftyLayoutsExample" */;
			buildPhases = (
				F5B8E610DF0A71C2CF59C8F3 /* [CP] Check Pods Manifest.lock */,
				E1415D3E200F65E800651407 /* Sources */,
				E1415D3F200F65E800651407 /* Frameworks */,
				E1415D40200F65E800651407 /* Resources */,
				99E95EAEA3AF30FF95E5ED69 /* [CP] Embed Pods Frameworks */,
				A438BD472D1711EAC66114A6 /* [CP] Copy Pods Resources */,
				E1B6538E20205CAE007B742C /* Embed Frameworks */,
			);
			buildRules = (
			);
			dependencies = (
			);
			name = SwiftyLayoutsExample;
			productName = SwiftyLayoutsExample;
			productReference = E1415D42200F65E800651407 /* SwiftyLayoutsExample.app */;
			productType = "com.apple.product-type.application";
		};
		E1415D55200F65E800651407 /* SwiftyLayoutsExampleTests */ = {
			isa = PBXNativeTarget;
			buildConfigurationList = E1415D62200F65E800651407 /* Build configuration list for PBXNativeTarget "SwiftyLayoutsExampleTests" */;
			buildPhases = (
				1094A52B20C13382EF063486 /* [CP] Check Pods Manifest.lock */,
				E1415D52200F65E800651407 /* Sources */,
				E1415D53200F65E800651407 /* Frameworks */,
				E1415D54200F65E800651407 /* Resources */,
				554A35713FD1188CFB3AEB30 /* [CP] Embed Pods Frameworks */,
				88C0F81E722211A0DD67AF4E /* [CP] Copy Pods Resources */,
			);
			buildRules = (
			);
			dependencies = (
				E1415D58200F65E800651407 /* PBXTargetDependency */,
			);
			name = SwiftyLayoutsExampleTests;
			productName = SwiftyLayoutsExampleTests;
			productReference = E1415D56200F65E800651407 /* SwiftyLayoutsExampleTests.xctest */;
			productType = "com.apple.product-type.bundle.unit-test";
		};
/* End PBXNativeTarget section */

/* Begin PBXProject section */
		E1415D3A200F65E800651407 /* Project object */ = {
			isa = PBXProject;
			attributes = {
				LastSwiftUpdateCheck = 0920;
				LastUpgradeCheck = 0920;
				ORGANIZATIONNAME = kaushal;
				TargetAttributes = {
					E1415D41200F65E800651407 = {
						CreatedOnToolsVersion = 9.2;
						ProvisioningStyle = Manual;
					};
					E1415D55200F65E800651407 = {
						CreatedOnToolsVersion = 9.2;
						ProvisioningStyle = Automatic;
						TestTargetID = E1415D41200F65E800651407;
					};
				};
			};
			buildConfigurationList = E1415D3D200F65E800651407 /* Build configuration list for PBXProject "SwiftyLayoutsExample" */;
			compatibilityVersion = "Xcode 8.0";
			developmentRegion = en;
			hasScannedForEncodings = 0;
			knownRegions = (
				en,
				Base,
			);
			mainGroup = E1415D39200F65E800651407;
			productRefGroup = E1415D43200F65E800651407 /* Products */;
			projectDirPath = "";
			projectRoot = "";
			targets = (
				E1415D41200F65E800651407 /* SwiftyLayoutsExample */,
				E1415D55200F65E800651407 /* SwiftyLayoutsExampleTests */,
			);
		};
/* End PBXProject section */

/* Begin PBXResourcesBuildPhase section */
		E1415D40200F65E800651407 /* Resources */ = {
			isa = PBXResourcesBuildPhase;
			buildActionMask = 2147483647;
			files = (
				E1415D50200F65E800651407 /* LaunchScreen.storyboard in Resources */,
				E1415D4D200F65E800651407 /* Assets.xcassets in Resources */,
				E1415D4B200F65E800651407 /* Main.storyboard in Resources */,
			);
			runOnlyForDeploymentPostprocessing = 0;
		};
		E1415D54200F65E800651407 /* Resources */ = {
			isa = PBXResourcesBuildPhase;
			buildActionMask = 2147483647;
			files = (
			);
			runOnlyForDeploymentPostprocessing = 0;
		};
/* End PBXResourcesBuildPhase section */

/* Begin PBXShellScriptBuildPhase section */
		1094A52B20C13382EF063486 /* [CP] Check Pods Manifest.lock */ = {
			isa = PBXShellScriptBuildPhase;
			buildActionMask = 2147483647;
			files = (
			);
			inputPaths = (
				"${PODS_PODFILE_DIR_PATH}/Podfile.lock",
				"${PODS_ROOT}/Manifest.lock",
			);
			name = "[CP] Check Pods Manifest.lock";
			outputPaths = (
				"$(DERIVED_FILE_DIR)/Pods-SwiftyLayoutsExampleTests-checkManifestLockResult.txt",
			);
			runOnlyForDeploymentPostprocessing = 0;
			shellPath = /bin/sh;
			shellScript = "diff \"${PODS_PODFILE_DIR_PATH}/Podfile.lock\" \"${PODS_ROOT}/Manifest.lock\" > /dev/null\nif [ $? != 0 ] ; then\n    # print error to STDERR\n    echo \"error: The sandbox is not in sync with the Podfile.lock. Run 'pod install' or update your CocoaPods installation.\" >&2\n    exit 1\nfi\n# This output is used by Xcode 'outputs' to avoid re-running this script phase.\necho \"SUCCESS\" > \"${SCRIPT_OUTPUT_FILE_0}\"\n";
			showEnvVarsInLog = 0;
		};
		554A35713FD1188CFB3AEB30 /* [CP] Embed Pods Frameworks */ = {
			isa = PBXShellScriptBuildPhase;
			buildActionMask = 2147483647;
			files = (
			);
			inputPaths = (
			);
			name = "[CP] Embed Pods Frameworks";
			outputPaths = (
			);
			runOnlyForDeploymentPostprocessing = 0;
			shellPath = /bin/sh;
			shellScript = "\"${SRCROOT}/Pods/Target Support Files/Pods-SwiftyLayoutsExampleTests/Pods-SwiftyLayoutsExampleTests-frameworks.sh\"\n";
			showEnvVarsInLog = 0;
		};
		88C0F81E722211A0DD67AF4E /* [CP] Copy Pods Resources */ = {
			isa = PBXShellScriptBuildPhase;
			buildActionMask = 2147483647;
			files = (
			);
			inputPaths = (
			);
			name = "[CP] Copy Pods Resources";
			outputPaths = (
			);
			runOnlyForDeploymentPostprocessing = 0;
			shellPath = /bin/sh;
			shellScript = "\"${SRCROOT}/Pods/Target Support Files/Pods-SwiftyLayoutsExampleTests/Pods-SwiftyLayoutsExampleTests-resources.sh\"\n";
			showEnvVarsInLog = 0;
		};
		99E95EAEA3AF30FF95E5ED69 /* [CP] Embed Pods Frameworks */ = {
			isa = PBXShellScriptBuildPhase;
			buildActionMask = 2147483647;
			files = (
			);
			inputPaths = (
				"${SRCROOT}/Pods/Target Support Files/Pods-SwiftyLayoutsExample/Pods-SwiftyLayoutsExample-frameworks.sh",
				"${BUILT_PRODUCTS_DIR}/SwiftyLayouts/SwiftyLayouts.framework",
			);
			name = "[CP] Embed Pods Frameworks";
			outputPaths = (
				"${TARGET_BUILD_DIR}/${FRAMEWORKS_FOLDER_PATH}/SwiftyLayouts.framework",
			);
			runOnlyForDeploymentPostprocessing = 0;
			shellPath = /bin/sh;
			shellScript = "\"${SRCROOT}/Pods/Target Support Files/Pods-SwiftyLayoutsExample/Pods-SwiftyLayoutsExample-frameworks.sh\"\n";
			showEnvVarsInLog = 0;
		};
		A438BD472D1711EAC66114A6 /* [CP] Copy Pods Resources */ = {
			isa = PBXShellScriptBuildPhase;
			buildActionMask = 2147483647;
			files = (
			);
			inputPaths = (
				"${SRCROOT}/Pods/Target Support Files/Pods-SwiftyLayoutsExample/Pods-SwiftyLayoutsExample-resources.sh",
				"${PODS_ROOT}/../../SwiftyLayouts/SwiftyLayouts/Resources/kaushalLinked.jpg",
			);
			name = "[CP] Copy Pods Resources";
			outputPaths = (
				"${TARGET_BUILD_DIR}/${UNLOCALIZED_RESOURCES_FOLDER_PATH}",
			);
			runOnlyForDeploymentPostprocessing = 0;
			shellPath = /bin/sh;
			shellScript = "\"${SRCROOT}/Pods/Target Support Files/Pods-SwiftyLayoutsExample/Pods-SwiftyLayoutsExample-resources.sh\"\n";
			showEnvVarsInLog = 0;
		};
		F5B8E610DF0A71C2CF59C8F3 /* [CP] Check Pods Manifest.lock */ = {
			isa = PBXShellScriptBuildPhase;
			buildActionMask = 2147483647;
			files = (
			);
			inputPaths = (
				"${PODS_PODFILE_DIR_PATH}/Podfile.lock",
				"${PODS_ROOT}/Manifest.lock",
			);
			name = "[CP] Check Pods Manifest.lock";
			outputPaths = (
				"$(DERIVED_FILE_DIR)/Pods-SwiftyLayoutsExample-checkManifestLockResult.txt",
			);
			runOnlyForDeploymentPostprocessing = 0;
			shellPath = /bin/sh;
			shellScript = "diff \"${PODS_PODFILE_DIR_PATH}/Podfile.lock\" \"${PODS_ROOT}/Manifest.lock\" > /dev/null\nif [ $? != 0 ] ; then\n    # print error to STDERR\n    echo \"error: The sandbox is not in sync with the Podfile.lock. Run 'pod install' or update your CocoaPods installation.\" >&2\n    exit 1\nfi\n# This output is used by Xcode 'outputs' to avoid re-running this script phase.\necho \"SUCCESS\" > \"${SCRIPT_OUTPUT_FILE_0}\"\n";
			showEnvVarsInLog = 0;
		};
/* End PBXShellScriptBuildPhase section */

/* Begin PBXSourcesBuildPhase section */
		E1415D3E200F65E800651407 /* Sources */ = {
			isa = PBXSourcesBuildPhase;
			buildActionMask = 2147483647;
			files = (
				E128300D2018912B0058329F /* Feature.swift in Sources */,
				E157DD2A201721D8008A7BAD /* CardViewController.swift in Sources */,
				E1415D48200F65E800651407 /* ViewController.swift in Sources */,
				E1415D46200F65E800651407 /* AppDelegate.swift in Sources */,
				E157DD2C20175D32008A7BAD /* LayoutCollectionViewCell.swift in Sources */,
				E157DD282017125C008A7BAD /* LayoutTableViewCell.swift in Sources */,
			);
			runOnlyForDeploymentPostprocessing = 0;
		};
		E1415D52200F65E800651407 /* Sources */ = {
			isa = PBXSourcesBuildPhase;
			buildActionMask = 2147483647;
			files = (
				E1415D5B200F65E800651407 /* SwiftyLayoutsExampleTests.swift in Sources */,
			);
			runOnlyForDeploymentPostprocessing = 0;
		};
/* End PBXSourcesBuildPhase section */

/* Begin PBXTargetDependency section */
		E1415D58200F65E800651407 /* PBXTargetDependency */ = {
			isa = PBXTargetDependency;
			target = E1415D41200F65E800651407 /* SwiftyLayoutsExample */;
			targetProxy = E1415D57200F65E800651407 /* PBXContainerItemProxy */;
		};
/* End PBXTargetDependency section */

/* Begin PBXVariantGroup section */
		E1415D49200F65E800651407 /* Main.storyboard */ = {
			isa = PBXVariantGroup;
			children = (
				E1415D4A200F65E800651407 /* Base */,
			);
			name = Main.storyboard;
			sourceTree = "<group>";
		};
		E1415D4E200F65E800651407 /* LaunchScreen.storyboard */ = {
			isa = PBXVariantGroup;
			children = (
				E1415D4F200F65E800651407 /* Base */,
			);
			name = LaunchScreen.storyboard;
			sourceTree = "<group>";
		};
/* End PBXVariantGroup section */

/* Begin XCBuildConfiguration section */
		E1415D5D200F65E800651407 /* Debug */ = {
			isa = XCBuildConfiguration;
			buildSettings = {
				ALWAYS_SEARCH_USER_PATHS = NO;
				CLANG_ANALYZER_NONNULL = YES;
				CLANG_ANALYZER_NUMBER_OBJECT_CONVERSION = YES_AGGRESSIVE;
				CLANG_CXX_LANGUAGE_STANDARD = "gnu++14";
				CLANG_CXX_LIBRARY = "libc++";
				CLANG_ENABLE_MODULES = YES;
				CLANG_ENABLE_OBJC_ARC = YES;
				CLANG_WARN_BLOCK_CAPTURE_AUTORELEASING = YES;
				CLANG_WARN_BOOL_CONVERSION = YES;
				CLANG_WARN_COMMA = YES;
				CLANG_WARN_CONSTANT_CONVERSION = YES;
				CLANG_WARN_DIRECT_OBJC_ISA_USAGE = YES_ERROR;
				CLANG_WARN_DOCUMENTATION_COMMENTS = YES;
				CLANG_WARN_EMPTY_BODY = YES;
				CLANG_WARN_ENUM_CONVERSION = YES;
				CLANG_WARN_INFINITE_RECURSION = YES;
				CLANG_WARN_INT_CONVERSION = YES;
				CLANG_WARN_NON_LITERAL_NULL_CONVERSION = YES;
				CLANG_WARN_OBJC_LITERAL_CONVERSION = YES;
				CLANG_WARN_OBJC_ROOT_CLASS = YES_ERROR;
				CLANG_WARN_RANGE_LOOP_ANALYSIS = YES;
				CLANG_WARN_STRICT_PROTOTYPES = YES;
				CLANG_WARN_SUSPICIOUS_MOVE = YES;
				CLANG_WARN_UNGUARDED_AVAILABILITY = YES_AGGRESSIVE;
				CLANG_WARN_UNREACHABLE_CODE = YES;
				CLANG_WARN__DUPLICATE_METHOD_MATCH = YES;
				CODE_SIGN_IDENTITY = "";
				COPY_PHASE_STRIP = NO;
				DEBUG_INFORMATION_FORMAT = dwarf;
				ENABLE_STRICT_OBJC_MSGSEND = YES;
				ENABLE_TESTABILITY = YES;
				GCC_C_LANGUAGE_STANDARD = gnu11;
				GCC_DYNAMIC_NO_PIC = NO;
				GCC_NO_COMMON_BLOCKS = YES;
				GCC_OPTIMIZATION_LEVEL = 0;
				GCC_PREPROCESSOR_DEFINITIONS = (
					"DEBUG=1",
					"$(inherited)",
				);
				GCC_WARN_64_TO_32_BIT_CONVERSION = YES;
				GCC_WARN_ABOUT_RETURN_TYPE = YES_ERROR;
				GCC_WARN_UNDECLARED_SELECTOR = YES;
				GCC_WARN_UNINITIALIZED_AUTOS = YES_AGGRESSIVE;
				GCC_WARN_UNUSED_FUNCTION = YES;
				GCC_WARN_UNUSED_VARIABLE = YES;
				IPHONEOS_DEPLOYMENT_TARGET = 11.2;
				MTL_ENABLE_DEBUG_INFO = YES;
				ONLY_ACTIVE_ARCH = YES;
				SDKROOT = iphoneos;
				SWIFT_ACTIVE_COMPILATION_CONDITIONS = DEBUG;
				SWIFT_OPTIMIZATION_LEVEL = "-Onone";
			};
			name = Debug;
		};
		E1415D5E200F65E800651407 /* Release */ = {
			isa = XCBuildConfiguration;
			buildSettings = {
				ALWAYS_SEARCH_USER_PATHS = NO;
				CLANG_ANALYZER_NONNULL = YES;
				CLANG_ANALYZER_NUMBER_OBJECT_CONVERSION = YES_AGGRESSIVE;
				CLANG_CXX_LANGUAGE_STANDARD = "gnu++14";
				CLANG_CXX_LIBRARY = "libc++";
				CLANG_ENABLE_MODULES = YES;
				CLANG_ENABLE_OBJC_ARC = YES;
				CLANG_WARN_BLOCK_CAPTURE_AUTORELEASING = YES;
				CLANG_WARN_BOOL_CONVERSION = YES;
				CLANG_WARN_COMMA = YES;
				CLANG_WARN_CONSTANT_CONVERSION = YES;
				CLANG_WARN_DIRECT_OBJC_ISA_USAGE = YES_ERROR;
				CLANG_WARN_DOCUMENTATION_COMMENTS = YES;
				CLANG_WARN_EMPTY_BODY = YES;
				CLANG_WARN_ENUM_CONVERSION = YES;
				CLANG_WARN_INFINITE_RECURSION = YES;
				CLANG_WARN_INT_CONVERSION = YES;
				CLANG_WARN_NON_LITERAL_NULL_CONVERSION = YES;
				CLANG_WARN_OBJC_LITERAL_CONVERSION = YES;
				CLANG_WARN_OBJC_ROOT_CLASS = YES_ERROR;
				CLANG_WARN_RANGE_LOOP_ANALYSIS = YES;
				CLANG_WARN_STRICT_PROTOTYPES = YES;
				CLANG_WARN_SUSPICIOUS_MOVE = YES;
				CLANG_WARN_UNGUARDED_AVAILABILITY = YES_AGGRESSIVE;
				CLANG_WARN_UNREACHABLE_CODE = YES;
				CLANG_WARN__DUPLICATE_METHOD_MATCH = YES;
				CODE_SIGN_IDENTITY = "";
				COPY_PHASE_STRIP = NO;
				DEBUG_INFORMATION_FORMAT = "dwarf-with-dsym";
				ENABLE_NS_ASSERTIONS = NO;
				ENABLE_STRICT_OBJC_MSGSEND = YES;
				GCC_C_LANGUAGE_STANDARD = gnu11;
				GCC_NO_COMMON_BLOCKS = YES;
				GCC_WARN_64_TO_32_BIT_CONVERSION = YES;
				GCC_WARN_ABOUT_RETURN_TYPE = YES_ERROR;
				GCC_WARN_UNDECLARED_SELECTOR = YES;
				GCC_WARN_UNINITIALIZED_AUTOS = YES_AGGRESSIVE;
				GCC_WARN_UNUSED_FUNCTION = YES;
				GCC_WARN_UNUSED_VARIABLE = YES;
				IPHONEOS_DEPLOYMENT_TARGET = 11.2;
				MTL_ENABLE_DEBUG_INFO = NO;
				SDKROOT = iphoneos;
				SWIFT_OPTIMIZATION_LEVEL = "-Owholemodule";
				VALIDATE_PRODUCT = YES;
			};
			name = Release;
		};
		E1415D60200F65E800651407 /* Debug */ = {
			isa = XCBuildConfiguration;
			baseConfigurationReference = 54338C8BD12E862FD1E46012 /* Pods-SwiftyLayoutsExample.debug.xcconfig */;
			buildSettings = {
				ALWAYS_EMBED_SWIFT_STANDARD_LIBRARIES = YES;
				ASSETCATALOG_COMPILER_APPICON_NAME = AppIcon;
				CODE_SIGN_STYLE = Manual;
				DEVELOPMENT_TEAM = "";
				INFOPLIST_FILE = SwiftyLayoutsExample/Info.plist;
				LD_RUNPATH_SEARCH_PATHS = "$(inherited) @executable_path/Frameworks";
				PRODUCT_BUNDLE_IDENTIFIER = com.ideveloperlab.SwiftyLayoutsExample;
				PRODUCT_NAME = "$(TARGET_NAME)";
				PROVISIONING_PROFILE_SPECIFIER = "";
				SWIFT_VERSION = 4.0;
				TARGETED_DEVICE_FAMILY = "1,2";
			};
			name = Debug;
		};
		E1415D61200F65E800651407 /* Release */ = {
			isa = XCBuildConfiguration;
			baseConfigurationReference = A0F16621D95DD2176AA08FA3 /* Pods-SwiftyLayoutsExample.release.xcconfig */;
			buildSettings = {
				ALWAYS_EMBED_SWIFT_STANDARD_LIBRARIES = YES;
				ASSETCATALOG_COMPILER_APPICON_NAME = AppIcon;
				CODE_SIGN_STYLE = Manual;
				DEVELOPMENT_TEAM = "";
				INFOPLIST_FILE = SwiftyLayoutsExample/Info.plist;
				LD_RUNPATH_SEARCH_PATHS = "$(inherited) @executable_path/Frameworks";
				PRODUCT_BUNDLE_IDENTIFIER = com.ideveloperlab.SwiftyLayoutsExample;
				PRODUCT_NAME = "$(TARGET_NAME)";
				PROVISIONING_PROFILE_SPECIFIER = "";
				SWIFT_VERSION = 4.0;
				TARGETED_DEVICE_FAMILY = "1,2";
			};
			name = Release;
		};
		E1415D63200F65E800651407 /* Debug */ = {
			isa = XCBuildConfiguration;
			baseConfigurationReference = DBC4323113D38CCC380CDCC9 /* Pods-SwiftyLayoutsExampleTests.debug.xcconfig */;
			buildSettings = {
				ALWAYS_EMBED_SWIFT_STANDARD_LIBRARIES = YES;
				BUNDLE_LOADER = "$(TEST_HOST)";
				CODE_SIGN_STYLE = Automatic;
				INFOPLIST_FILE = SwiftyLayoutsExampleTests/Info.plist;
				LD_RUNPATH_SEARCH_PATHS = "$(inherited) @executable_path/Frameworks @loader_path/Frameworks";
				PRODUCT_BUNDLE_IDENTIFIER = com.ideveloperlab.SwiftyLayoutsExampleTests;
				PRODUCT_NAME = "$(TARGET_NAME)";
				SWIFT_VERSION = 4.0;
				TARGETED_DEVICE_FAMILY = "1,2";
				TEST_HOST = "$(BUILT_PRODUCTS_DIR)/SwiftyLayoutsExample.app/SwiftyLayoutsExample";
			};
			name = Debug;
		};
		E1415D64200F65E800651407 /* Release */ = {
			isa = XCBuildConfiguration;
			baseConfigurationReference = B80FFE806D0D20BB83B71327 /* Pods-SwiftyLayoutsExampleTests.release.xcconfig */;
			buildSettings = {
				ALWAYS_EMBED_SWIFT_STANDARD_LIBRARIES = YES;
				BUNDLE_LOADER = "$(TEST_HOST)";
				CODE_SIGN_STYLE = Automatic;
				INFOPLIST_FILE = SwiftyLayoutsExampleTests/Info.plist;
				LD_RUNPATH_SEARCH_PATHS = "$(inherited) @executable_path/Frameworks @loader_path/Frameworks";
				PRODUCT_BUNDLE_IDENTIFIER = com.ideveloperlab.SwiftyLayoutsExampleTests;
				PRODUCT_NAME = "$(TARGET_NAME)";
				SWIFT_VERSION = 4.0;
				TARGETED_DEVICE_FAMILY = "1,2";
				TEST_HOST = "$(BUILT_PRODUCTS_DIR)/SwiftyLayoutsExample.app/SwiftyLayoutsExample";
			};
			name = Release;
		};
/* End XCBuildConfiguration section */

/* Begin XCConfigurationList section */
		E1415D3D200F65E800651407 /* Build configuration list for PBXProject "SwiftyLayoutsExample" */ = {
			isa = XCConfigurationList;
			buildConfigurations = (
				E1415D5D200F65E800651407 /* Debug */,
				E1415D5E200F65E800651407 /* Release */,
			);
			defaultConfigurationIsVisible = 0;
			defaultConfigurationName = Release;
		};
		E1415D5F200F65E800651407 /* Build configuration list for PBXNativeTarget "SwiftyLayoutsExample" */ = {
			isa = XCConfigurationList;
			buildConfigurations = (
				E1415D60200F65E800651407 /* Debug */,
				E1415D61200F65E800651407 /* Release */,
			);
			defaultConfigurationIsVisible = 0;
			defaultConfigurationName = Release;
		};
		E1415D62200F65E800651407 /* Build configuration list for PBXNativeTarget "SwiftyLayoutsExampleTests" */ = {
			isa = XCConfigurationList;
			buildConfigurations = (
				E1415D63200F65E800651407 /* Debug */,
				E1415D64200F65E800651407 /* Release */,
			);
			defaultConfigurationIsVisible = 0;
			defaultConfigurationName = Release;
		};
/* End XCConfigurationList section */
	};
	rootObject = E1415D3A200F65E800651407 /* Project object */;
}
